{
  "name": "auto-traffic-control-example",
  "version": "0.3.0",
  "lockfileVersion": 2,
  "requires": true,
  "packages": {
    "": {
      "name": "auto-traffic-control-example",
      "version": "0.3.0",
      "license": "(MIT OR Apache-2.0)",
      "dependencies": {
        "auto-traffic-control": "file:../../sdk/node"
      }
    },
    "../../sdk/node": {
      "name": "auto-traffic-control",
      "version": "0.3.0",
      "license": "(MIT OR Apache-2.0)",
      "dependencies": {
        "google-protobuf": "^3.20.1-rc.1"
      },
      "devDependencies": {
        "typescript": "^4.6.3"
      },
      "peerDependencies": {
        "@grpc/grpc-js": "^1.6.6"
      }
    },
    "node_modules/auto-traffic-control": {
      "resolved": "../../sdk/node",
      "link": true
    }
  },
  "dependencies": {
    "auto-traffic-control": {
      "version": "file:../../sdk/node",
      "requires": {
        "google-protobuf": "^3.20.1-rc.1",
        "typescript": "^4.6.3"
      }
    }
  }
}
